
Microsoft Visual Studio Solution File, Format Version 12.00
# Visual Studio 14
VisualStudioVersion = 14.0.25420.1
MinimumVisualStudioVersion = 10.0.40219.1
Project("{FAE04EC0-301F-11D3-BF4B-00C04F79EFBC}") = "XamarinAdvanceRe", "XamarinAdvanceRe\XamarinAdvanceRe\XamarinAdvanceRe.csproj", "{5646CE9F-4122-460A-B6BD-3912CC3CEB02}"
EndProject
Project("{FAE04EC0-301F-11D3-BF4B-00C04F79EFBC}") = "XamarinAdvanceRe.Droid", "XamarinAdvanceRe\XamarinAdvanceRe.Droid\XamarinAdvanceRe.Droid.csproj", "{246CFFF0-F43D-41F0-AB07-C34C95506381}"
EndProject
Project("{FAE04EC0-301F-11D3-BF4B-00C04F79EFBC}") = "XamarinAdvanceRe.iOS", "XamarinAdvanceRe\XamarinAdvanceRe.iOS\XamarinAdvanceRe.iOS.csproj", "{EDC8C0B2-D70F-458C-AFB6-6E24F9CB41A0}"
EndProject
Project("{FAE04EC0-301F-11D3-BF4B-00C04F79EFBC}") = "XamarinAdvanceRe.UWP", "XamarinAdvanceRe\XamarinAdvanceRe.UWP\XamarinAdvanceRe.UWP.csproj", "{55D4B39A-C42F-4D97-A54B-F538DC45E9A1}"
EndProject
Global
	GlobalSection(SolutionConfigurationPlatforms) = preSolution
		Ad-Hoc|Any CPU = Ad-Hoc|Any CPU
		Ad-Hoc|ARM = Ad-Hoc|ARM
		Ad-Hoc|iPhone = Ad-Hoc|iPhone
		Ad-Hoc|iPhoneSimulator = Ad-Hoc|iPhoneSimulator
		Ad-Hoc|x64 = Ad-Hoc|x64
		Ad-Hoc|x86 = Ad-Hoc|x86
		AppStore|Any CPU = AppStore|Any CPU
		AppStore|ARM = AppStore|ARM
		AppStore|iPhone = AppStore|iPhone
		AppStore|iPhoneSimulator = AppStore|iPhoneSimulator
		AppStore|x64 = AppStore|x64
		AppStore|x86 = AppStore|x86
		Debug|Any CPU = Debug|Any CPU
		Debug|ARM = Debug|ARM
		Debug|iPhone = Debug|iPhone
		Debug|iPhoneSimulator = Debug|iPhoneSimulator
		Debug|x64 = Debug|x64
		Debug|x86 = Debug|x86
		Release|Any CPU = Release|Any CPU
		Release|ARM = Release|ARM
		Release|iPhone = Release|iPhone
		Release|iPhoneSimulator = Release|iPhoneSimulator
		Release|x64 = Release|x64
		Release|x86 = Release|x86
	EndGlobalSection
	GlobalSection(ProjectConfigurationPlatforms) = postSolution
		{5646CE9F-4122-460A-B6BD-3912CC3CEB02}.Ad-Hoc|Any CPU.ActiveCfg = Release|Any CPU
		{5646CE9F-4122-460A-B6BD-3912CC3CEB02}.Ad-Hoc|Any CPU.Build.0 = Release|Any CPU
		{5646CE9F-4122-460A-B6BD-3912CC3CEB02}.Ad-Hoc|ARM.ActiveCfg = Release|Any CPU
		{5646CE9F-4122-460A-B6BD-3912CC3CEB02}.Ad-Hoc|ARM.Build.0 = Release|Any CPU
		{5646CE9F-4122-460A-B6BD-3912CC3CEB02}.Ad-Hoc|iPhone.ActiveCfg = Release|Any CPU
		{5646CE9F-4122-460A-B6BD-3912CC3CEB02}.Ad-Hoc|iPhone.Build.0 = Release|Any CPU
		{5646CE9F-4122-460A-B6BD-3912CC3CEB02}.Ad-Hoc|iPhoneSimulator.ActiveCfg = Release|Any CPU
		{5646CE9F-4122-460A-B6BD-3912CC3CEB02}.Ad-Hoc|iPhoneSimulator.Build.0 = Release|Any CPU
		{5646CE9F-4122-460A-B6BD-3912CC3CEB02}.Ad-Hoc|x64.ActiveCfg = Release|Any CPU
		{5646CE9F-4122-460A-B6BD-3912CC3CEB02}.Ad-Hoc|x64.Build.0 = Release|Any CPU
		{5646CE9F-4122-460A-B6BD-3912CC3CEB02}.Ad-Hoc|x86.ActiveCfg = Release|Any CPU
		{5646CE9F-4122-460A-B6BD-3912CC3CEB02}.Ad-Hoc|x86.Build.0 = Release|Any CPU
		{5646CE9F-4122-460A-B6BD-3912CC3CEB02}.AppStore|Any CPU.ActiveCfg = Release|Any CPU
		{5646CE9F-4122-460A-B6BD-3912CC3CEB02}.AppStore|Any CPU.Build.0 = Release|Any CPU
		{5646CE9F-4122-460A-B6BD-3912CC3CEB02}.AppStore|ARM.ActiveCfg = Release|Any CPU
		{5646CE9F-4122-460A-B6BD-3912CC3CEB02}.AppStore|ARM.Build.0 = Release|Any CPU
		{5646CE9F-4122-460A-B6BD-3912CC3CEB02}.AppStore|iPhone.ActiveCfg = Release|Any CPU
		{5646CE9F-4122-460A-B6BD-3912CC3CEB02}.AppStore|iPhone.Build.0 = Release|Any CPU
		{5646CE9F-4122-460A-B6BD-3912CC3CEB02}.AppStore|iPhoneSimulator.ActiveCfg = Release|Any CPU
		{5646CE9F-4122-460A-B6BD-3912CC3CEB02}.AppStore|iPhoneSimulator.Build.0 = Release|Any CPU
		{5646CE9F-4122-460A-B6BD-3912CC3CEB02}.AppStore|x64.ActiveCfg = Release|Any CPU
		{5646CE9F-4122-460A-B6BD-3912CC3CEB02}.AppStore|x64.Build.0 = Release|Any CPU
		{5646CE9F-4122-460A-B6BD-3912CC3CEB02}.AppStore|x86.ActiveCfg = Release|Any CPU
		{5646CE9F-4122-460A-B6BD-3912CC3CEB02}.AppStore|x86.Build.0 = Release|Any CPU
		{5646CE9F-4122-460A-B6BD-3912CC3CEB02}.Debug|Any CPU.ActiveCfg = Debug|Any CPU
		{5646CE9F-4122-460A-B6BD-3912CC3CEB02}.Debug|Any CPU.Build.0 = Debug|Any CPU
		{5646CE9F-4122-460A-B6BD-3912CC3CEB02}.Debug|ARM.ActiveCfg = Debug|Any CPU
		{5646CE9F-4122-460A-B6BD-3912CC3CEB02}.Debug|ARM.Build.0 = Debug|Any CPU
		{5646CE9F-4122-460A-B6BD-3912CC3CEB02}.Debug|iPhone.ActiveCfg = Debug|Any CPU
		{5646CE9F-4122-460A-B6BD-3912CC3CEB02}.Debug|iPhone.Build.0 = Debug|Any CPU
		{5646CE9F-4122-460A-B6BD-3912CC3CEB02}.Debug|iPhoneSimulator.ActiveCfg = Debug|Any CPU
		{5646CE9F-4122-460A-B6BD-3912CC3CEB02}.Debug|iPhoneSimulator.Build.0 = Debug|Any CPU
		{5646CE9F-4122-460A-B6BD-3912CC3CEB02}.Debug|x64.ActiveCfg = Debug|Any CPU
		{5646CE9F-4122-460A-B6BD-3912CC3CEB02}.Debug|x64.Build.0 = Debug|Any CPU
		{5646CE9F-4122-460A-B6BD-3912CC3CEB02}.Debug|x86.ActiveCfg = Debug|Any CPU
		{5646CE9F-4122-460A-B6BD-3912CC3CEB02}.Debug|x86.Build.0 = Debug|Any CPU
		{5646CE9F-4122-460A-B6BD-3912CC3CEB02}.Release|Any CPU.ActiveCfg = Release|Any CPU
		{5646CE9F-4122-460A-B6BD-3912CC3CEB02}.Release|Any CPU.Build.0 = Release|Any CPU
		{5646CE9F-4122-460A-B6BD-3912CC3CEB02}.Release|ARM.ActiveCfg = Release|Any CPU
		{5646CE9F-4122-460A-B6BD-3912CC3CEB02}.Release|ARM.Build.0 = Release|Any CPU
		{5646CE9F-4122-460A-B6BD-3912CC3CEB02}.Release|iPhone.ActiveCfg = Release|Any CPU
		{5646CE9F-4122-460A-B6BD-3912CC3CEB02}.Release|iPhone.Build.0 = Release|Any CPU
		{5646CE9F-4122-460A-B6BD-3912CC3CEB02}.Release|iPhoneSimulator.ActiveCfg = Release|Any CPU
		{5646CE9F-4122-460A-B6BD-3912CC3CEB02}.Release|iPhoneSimulator.Build.0 = Release|Any CPU
		{5646CE9F-4122-460A-B6BD-3912CC3CEB02}.Release|x64.ActiveCfg = Release|Any CPU
		{5646CE9F-4122-460A-B6BD-3912CC3CEB02}.Release|x64.Build.0 = Release|Any CPU
		{5646CE9F-4122-460A-B6BD-3912CC3CEB02}.Release|x86.ActiveCfg = Release|Any CPU
		{5646CE9F-4122-460A-B6BD-3912CC3CEB02}.Release|x86.Build.0 = Release|Any CPU
		{246CFFF0-F43D-41F0-AB07-C34C95506381}.Ad-Hoc|Any CPU.ActiveCfg = Release|Any CPU
		{246CFFF0-F43D-41F0-AB07-C34C95506381}.Ad-Hoc|Any CPU.Build.0 = Release|Any CPU
		{246CFFF0-F43D-41F0-AB07-C34C95506381}.Ad-Hoc|Any CPU.Deploy.0 = Release|Any CPU
		{246CFFF0-F43D-41F0-AB07-C34C95506381}.Ad-Hoc|ARM.ActiveCfg = Release|Any CPU
		{246CFFF0-F43D-41F0-AB07-C34C95506381}.Ad-Hoc|ARM.Build.0 = Release|Any CPU
		{246CFFF0-F43D-41F0-AB07-C34C95506381}.Ad-Hoc|ARM.Deploy.0 = Release|Any CPU
		{246CFFF0-F43D-41F0-AB07-C34C95506381}.Ad-Hoc|iPhone.ActiveCfg = Release|Any CPU
		{246CFFF0-F43D-41F0-AB07-C34C95506381}.Ad-Hoc|iPhone.Build.0 = Release|Any CPU
		{246CFFF0-F43D-41F0-AB07-C34C95506381}.Ad-Hoc|iPhone.Deploy.0 = Release|Any CPU
		{246CFFF0-F43D-41F0-AB07-C34C95506381}.Ad-Hoc|iPhoneSimulator.ActiveCfg = Release|Any CPU
		{246CFFF0-F43D-41F0-AB07-C34C95506381}.Ad-Hoc|iPhoneSimulator.Build.0 = Release|Any CPU
		{246CFFF0-F43D-41F0-AB07-C34C95506381}.Ad-Hoc|iPhoneSimulator.Deploy.0 = Release|Any CPU
		{246CFFF0-F43D-41F0-AB07-C34C95506381}.Ad-Hoc|x64.ActiveCfg = Release|Any CPU
		{246CFFF0-F43D-41F0-AB07-C34C95506381}.Ad-Hoc|x64.Build.0 = Release|Any CPU
		{246CFFF0-F43D-41F0-AB07-C34C95506381}.Ad-Hoc|x64.Deploy.0 = Release|Any CPU
		{246CFFF0-F43D-41F0-AB07-C34C95506381}.Ad-Hoc|x86.ActiveCfg = Release|Any CPU
		{246CFFF0-F43D-41F0-AB07-C34C95506381}.Ad-Hoc|x86.Build.0 = Release|Any CPU
		{246CFFF0-F43D-41F0-AB07-C34C95506381}.Ad-Hoc|x86.Deploy.0 = Release|Any CPU
		{246CFFF0-F43D-41F0-AB07-C34C95506381}.AppStore|Any CPU.ActiveCfg = Release|Any CPU
		{246CFFF0-F43D-41F0-AB07-C34C95506381}.AppStore|Any CPU.Build.0 = Release|Any CPU
		{246CFFF0-F43D-41F0-AB07-C34C95506381}.AppStore|Any CPU.Deploy.0 = Release|Any CPU
		{246CFFF0-F43D-41F0-AB07-C34C95506381}.AppStore|ARM.ActiveCfg = Release|Any CPU
		{246CFFF0-F43D-41F0-AB07-C34C95506381}.AppStore|ARM.Build.0 = Release|Any CPU
		{246CFFF0-F43D-41F0-AB07-C34C95506381}.AppStore|ARM.Deploy.0 = Release|Any CPU
		{246CFFF0-F43D-41F0-AB07-C34C95506381}.AppStore|iPhone.ActiveCfg = Release|Any CPU
		{246CFFF0-F43D-41F0-AB07-C34C95506381}.AppStore|iPhone.Build.0 = Release|Any CPU
		{246CFFF0-F43D-41F0-AB07-C34C95506381}.AppStore|iPhone.Deploy.0 = Release|Any CPU
		{246CFFF0-F43D-41F0-AB07-C34C95506381}.AppStore|iPhoneSimulator.ActiveCfg = Release|Any CPU
		{246CFFF0-F43D-41F0-AB07-C34C95506381}.AppStore|iPhoneSimulator.Build.0 = Release|Any CPU
		{246CFFF0-F43D-41F0-AB07-C34C95506381}.AppStore|iPhoneSimulator.Deploy.0 = Release|Any CPU
		{246CFFF0-F43D-41F0-AB07-C34C95506381}.AppStore|x64.ActiveCfg = Release|Any CPU
		{246CFFF0-F43D-41F0-AB07-C34C95506381}.AppStore|x64.Build.0 = Release|Any CPU
		{246CFFF0-F43D-41F0-AB07-C34C95506381}.AppStore|x64.Deploy.0 = Release|Any CPU
		{246CFFF0-F43D-41F0-AB07-C34C95506381}.AppStore|x86.ActiveCfg = Release|Any CPU
		{246CFFF0-F43D-41F0-AB07-C34C95506381}.AppStore|x86.Build.0 = Release|Any CPU
		{246CFFF0-F43D-41F0-AB07-C34C95506381}.AppStore|x86.Deploy.0 = Release|Any CPU
		{246CFFF0-F43D-41F0-AB07-C34C95506381}.Debug|Any CPU.ActiveCfg = Debug|Any CPU
		{246CFFF0-F43D-41F0-AB07-C34C95506381}.Debug|Any CPU.Build.0 = Debug|Any CPU
		{246CFFF0-F43D-41F0-AB07-C34C95506381}.Debug|Any CPU.Deploy.0 = Debug|Any CPU
		{246CFFF0-F43D-41F0-AB07-C34C95506381}.Debug|ARM.ActiveCfg = Debug|Any CPU
		{246CFFF0-F43D-41F0-AB07-C34C95506381}.Debug|ARM.Build.0 = Debug|Any CPU
		{246CFFF0-F43D-41F0-AB07-C34C95506381}.Debug|ARM.Deploy.0 = Debug|Any CPU
		{246CFFF0-F43D-41F0-AB07-C34C95506381}.Debug|iPhone.ActiveCfg = Debug|Any CPU
		{246CFFF0-F43D-41F0-AB07-C34C95506381}.Debug|iPhone.Build.0 = Debug|Any CPU
		{246CFFF0-F43D-41F0-AB07-C34C95506381}.Debug|iPhone.Deploy.0 = Debug|Any CPU
		{246CFFF0-F43D-41F0-AB07-C34C95506381}.Debug|iPhoneSimulator.ActiveCfg = Debug|Any CPU
		{246CFFF0-F43D-41F0-AB07-C34C95506381}.Debug|iPhoneSimulator.Build.0 = Debug|Any CPU
		{246CFFF0-F43D-41F0-AB07-C34C95506381}.Debug|iPhoneSimulator.Deploy.0 = Debug|Any CPU
		{246CFFF0-F43D-41F0-AB07-C34C95506381}.Debug|x64.ActiveCfg = Debug|Any CPU
		{246CFFF0-F43D-41F0-AB07-C34C95506381}.Debug|x64.Build.0 = Debug|Any CPU
		{246CFFF0-F43D-41F0-AB07-C34C95506381}.Debug|x64.Deploy.0 = Debug|Any CPU
		{246CFFF0-F43D-41F0-AB07-C34C95506381}.Debug|x86.ActiveCfg = Debug|Any CPU
		{246CFFF0-F43D-41F0-AB07-C34C95506381}.Debug|x86.Build.0 = Debug|Any CPU
		{246CFFF0-F43D-41F0-AB07-C34C95506381}.Debug|x86.Deploy.0 = Debug|Any CPU
		{246CFFF0-F43D-41F0-AB07-C34C95506381}.Release|Any CPU.ActiveCfg = Release|Any CPU
		{246CFFF0-F43D-41F0-AB07-C34C95506381}.Release|Any CPU.Build.0 = Release|Any CPU
		{246CFFF0-F43D-41F0-AB07-C34C95506381}.Release|Any CPU.Deploy.0 = Release|Any CPU
		{246CFFF0-F43D-41F0-AB07-C34C95506381}.Release|ARM.ActiveCfg = Release|Any CPU
		{246CFFF0-F43D-41F0-AB07-C34C95506381}.Release|ARM.Build.0 = Release|Any CPU
		{246CFFF0-F43D-41F0-AB07-C34C95506381}.Release|ARM.Deploy.0 = Release|Any CPU
		{246CFFF0-F43D-41F0-AB07-C34C95506381}.Release|iPhone.ActiveCfg = Release|Any CPU
		{246CFFF0-F43D-41F0-AB07-C34C95506381}.Release|iPhone.Build.0 = Release|Any CPU
		{246CFFF0-F43D-41F0-AB07-C34C95506381}.Release|iPhone.Deploy.0 = Release|Any CPU
		{246CFFF0-F43D-41F0-AB07-C34C95506381}.Release|iPhoneSimulator.ActiveCfg = Release|Any CPU
		{246CFFF0-F43D-41F0-AB07-C34C95506381}.Release|iPhoneSimulator.Build.0 = Release|Any CPU
		{246CFFF0-F43D-41F0-AB07-C34C95506381}.Release|iPhoneSimulator.Deploy.0 = Release|Any CPU
		{246CFFF0-F43D-41F0-AB07-C34C95506381}.Release|x64.ActiveCfg = Release|Any CPU
		{246CFFF0-F43D-41F0-AB07-C34C95506381}.Release|x64.Build.0 = Release|Any CPU
		{246CFFF0-F43D-41F0-AB07-C34C95506381}.Release|x64.Deploy.0 = Release|Any CPU
		{246CFFF0-F43D-41F0-AB07-C34C95506381}.Release|x86.ActiveCfg = Release|Any CPU
		{246CFFF0-F43D-41F0-AB07-C34C95506381}.Release|x86.Build.0 = Release|Any CPU
		{246CFFF0-F43D-41F0-AB07-C34C95506381}.Release|x86.Deploy.0 = Release|Any CPU
		{EDC8C0B2-D70F-458C-AFB6-6E24F9CB41A0}.Ad-Hoc|Any CPU.ActiveCfg = Ad-Hoc|iPhone
		{EDC8C0B2-D70F-458C-AFB6-6E24F9CB41A0}.Ad-Hoc|ARM.ActiveCfg = Ad-Hoc|iPhone
		{EDC8C0B2-D70F-458C-AFB6-6E24F9CB41A0}.Ad-Hoc|iPhone.ActiveCfg = Ad-Hoc|iPhone
		{EDC8C0B2-D70F-458C-AFB6-6E24F9CB41A0}.Ad-Hoc|iPhone.Build.0 = Ad-Hoc|iPhone
		{EDC8C0B2-D70F-458C-AFB6-6E24F9CB41A0}.Ad-Hoc|iPhoneSimulator.ActiveCfg = Ad-Hoc|iPhoneSimulator
		{EDC8C0B2-D70F-458C-AFB6-6E24F9CB41A0}.Ad-Hoc|iPhoneSimulator.Build.0 = Ad-Hoc|iPhoneSimulator
		{EDC8C0B2-D70F-458C-AFB6-6E24F9CB41A0}.Ad-Hoc|x64.ActiveCfg = Ad-Hoc|iPhone
		{EDC8C0B2-D70F-458C-AFB6-6E24F9CB41A0}.Ad-Hoc|x86.ActiveCfg = Ad-Hoc|iPhone
		{EDC8C0B2-D70F-458C-AFB6-6E24F9CB41A0}.AppStore|Any CPU.ActiveCfg = AppStore|iPhone
		{EDC8C0B2-D70F-458C-AFB6-6E24F9CB41A0}.AppStore|ARM.ActiveCfg = AppStore|iPhone
		{EDC8C0B2-D70F-458C-AFB6-6E24F9CB41A0}.AppStore|iPhone.ActiveCfg = AppStore|iPhone
		{EDC8C0B2-D70F-458C-AFB6-6E24F9CB41A0}.AppStore|iPhone.Build.0 = AppStore|iPhone
		{EDC8C0B2-D70F-458C-AFB6-6E24F9CB41A0}.AppStore|iPhoneSimulator.ActiveCfg = AppStore|iPhoneSimulator
		{EDC8C0B2-D70F-458C-AFB6-6E24F9CB41A0}.AppStore|iPhoneSimulator.Build.0 = AppStore|iPhoneSimulator
		{EDC8C0B2-D70F-458C-AFB6-6E24F9CB41A0}.AppStore|x64.ActiveCfg = AppStore|iPhone
		{EDC8C0B2-D70F-458C-AFB6-6E24F9CB41A0}.AppStore|x86.ActiveCfg = AppStore|iPhone
		{EDC8C0B2-D70F-458C-AFB6-6E24F9CB41A0}.Debug|Any CPU.ActiveCfg = Debug|iPhoneSimulator
		{EDC8C0B2-D70F-458C-AFB6-6E24F9CB41A0}.Debug|Any CPU.Build.0 = Debug|iPhoneSimulator
		{EDC8C0B2-D70F-458C-AFB6-6E24F9CB41A0}.Debug|ARM.ActiveCfg = Debug|iPhone
		{EDC8C0B2-D70F-458C-AFB6-6E24F9CB41A0}.Debug|iPhone.ActiveCfg = Debug|iPhone
		{EDC8C0B2-D70F-458C-AFB6-6E24F9CB41A0}.Debug|iPhone.Build.0 = Debug|iPhone
		{EDC8C0B2-D70F-458C-AFB6-6E24F9CB41A0}.Debug|iPhoneSimulator.ActiveCfg = Debug|iPhoneSimulator
		{EDC8C0B2-D70F-458C-AFB6-6E24F9CB41A0}.Debug|iPhoneSimulator.Build.0 = Debug|iPhoneSimulator
		{EDC8C0B2-D70F-458C-AFB6-6E24F9CB41A0}.Debug|x64.ActiveCfg = Debug|iPhone
		{EDC8C0B2-D70F-458C-AFB6-6E24F9CB41A0}.Debug|x86.ActiveCfg = Debug|iPhone
		{EDC8C0B2-D70F-458C-AFB6-6E24F9CB41A0}.Release|Any CPU.ActiveCfg = Release|iPhone
		{EDC8C0B2-D70F-458C-AFB6-6E24F9CB41A0}.Release|ARM.ActiveCfg = Release|iPhone
		{EDC8C0B2-D70F-458C-AFB6-6E24F9CB41A0}.Release|iPhone.ActiveCfg = Release|iPhone
		{EDC8C0B2-D70F-458C-AFB6-6E24F9CB41A0}.Release|iPhone.Build.0 = Release|iPhone
		{EDC8C0B2-D70F-458C-AFB6-6E24F9CB41A0}.Release|iPhoneSimulator.ActiveCfg = Release|iPhoneSimulator
		{EDC8C0B2-D70F-458C-AFB6-6E24F9CB41A0}.Release|iPhoneSimulator.Build.0 = Release|iPhoneSimulator
		{EDC8C0B2-D70F-458C-AFB6-6E24F9CB41A0}.Release|x64.ActiveCfg = Release|iPhone
		{EDC8C0B2-D70F-458C-AFB6-6E24F9CB41A0}.Release|x86.ActiveCfg = Release|iPhone
		{55D4B39A-C42F-4D97-A54B-F538DC45E9A1}.Ad-Hoc|Any CPU.ActiveCfg = Release|x86
		{55D4B39A-C42F-4D97-A54B-F538DC45E9A1}.Ad-Hoc|Any CPU.Build.0 = Release|x86
		{55D4B39A-C42F-4D97-A54B-F538DC45E9A1}.Ad-Hoc|Any CPU.Deploy.0 = Release|x86
		{55D4B39A-C42F-4D97-A54B-F538DC45E9A1}.Ad-Hoc|ARM.ActiveCfg = Release|ARM
		{55D4B39A-C42F-4D97-A54B-F538DC45E9A1}.Ad-Hoc|ARM.Build.0 = Release|ARM
		{55D4B39A-C42F-4D97-A54B-F538DC45E9A1}.Ad-Hoc|ARM.Deploy.0 = Release|ARM
		{55D4B39A-C42F-4D97-A54B-F538DC45E9A1}.Ad-Hoc|iPhone.ActiveCfg = Release|x86
		{55D4B39A-C42F-4D97-A54B-F538DC45E9A1}.Ad-Hoc|iPhone.Build.0 = Release|x86
		{55D4B39A-C42F-4D97-A54B-F538DC45E9A1}.Ad-Hoc|iPhone.Deploy.0 = Release|x86
		{55D4B39A-C42F-4D97-A54B-F538DC45E9A1}.Ad-Hoc|iPhoneSimulator.ActiveCfg = Release|x86
		{55D4B39A-C42F-4D97-A54B-F538DC45E9A1}.Ad-Hoc|iPhoneSimulator.Build.0 = Release|x86
		{55D4B39A-C42F-4D97-A54B-F538DC45E9A1}.Ad-Hoc|iPhoneSimulator.Deploy.0 = Release|x86
		{55D4B39A-C42F-4D97-A54B-F538DC45E9A1}.Ad-Hoc|x64.ActiveCfg = Release|x64
		{55D4B39A-C42F-4D97-A54B-F538DC45E9A1}.Ad-Hoc|x64.Build.0 = Release|x64
		{55D4B39A-C42F-4D97-A54B-F538DC45E9A1}.Ad-Hoc|x64.Deploy.0 = Release|x64
		{55D4B39A-C42F-4D97-A54B-F538DC45E9A1}.Ad-Hoc|x86.ActiveCfg = Release|x86
		{55D4B39A-C42F-4D97-A54B-F538DC45E9A1}.Ad-Hoc|x86.Build.0 = Release|x86
		{55D4B39A-C42F-4D97-A54B-F538DC45E9A1}.Ad-Hoc|x86.Deploy.0 = Release|x86
		{55D4B39A-C42F-4D97-A54B-F538DC45E9A1}.AppStore|Any CPU.ActiveCfg = Release|x86
		{55D4B39A-C42F-4D97-A54B-F538DC45E9A1}.AppStore|Any CPU.Build.0 = Release|x86
		{55D4B39A-C42F-4D97-A54B-F538DC45E9A1}.AppStore|Any CPU.Deploy.0 = Release|x86
		{55D4B39A-C42F-4D97-A54B-F538DC45E9A1}.AppStore|ARM.ActiveCfg = Release|ARM
		{55D4B39A-C42F-4D97-A54B-F538DC45E9A1}.AppStore|ARM.Build.0 = Release|ARM
		{55D4B39A-C42F-4D97-A54B-F538DC45E9A1}.AppStore|ARM.Deploy.0 = Release|ARM
		{55D4B39A-C42F-4D97-A54B-F538DC45E9A1}.AppStore|iPhone.ActiveCfg = Release|x86
		{55D4B39A-C42F-4D97-A54B-F538DC45E9A1}.AppStore|iPhone.Build.0 = Release|x86
		{55D4B39A-C42F-4D97-A54B-F538DC45E9A1}.AppStore|iPhone.Deploy.0 = Release|x86
		{55D4B39A-C42F-4D97-A54B-F538DC45E9A1}.AppStore|iPhoneSimulator.ActiveCfg = Release|x86
		{55D4B39A-C42F-4D97-A54B-F538DC45E9A1}.AppStore|iPhoneSimulator.Build.0 = Release|x86
		{55D4B39A-C42F-4D97-A54B-F538DC45E9A1}.AppStore|iPhoneSimulator.Deploy.0 = Release|x86
		{55D4B39A-C42F-4D97-A54B-F538DC45E9A1}.AppStore|x64.ActiveCfg = Release|x64
		{55D4B39A-C42F-4D97-A54B-F538DC45E9A1}.AppStore|x64.Build.0 = Release|x64
		{55D4B39A-C42F-4D97-A54B-F538DC45E9A1}.AppStore|x64.Deploy.0 = Release|x64
		{55D4B39A-C42F-4D97-A54B-F538DC45E9A1}.AppStore|x86.ActiveCfg = Release|x86
		{55D4B39A-C42F-4D97-A54B-F538DC45E9A1}.AppStore|x86.Build.0 = Release|x86
		{55D4B39A-C42F-4D97-A54B-F538DC45E9A1}.AppStore|x86.Deploy.0 = Release|x86
		{55D4B39A-C42F-4D97-A54B-F538DC45E9A1}.Debug|Any CPU.ActiveCfg = Debug|x86
		{55D4B39A-C42F-4D97-A54B-F538DC45E9A1}.Debug|Any CPU.Build.0 = Debug|x86
		{55D4B39A-C42F-4D97-A54B-F538DC45E9A1}.Debug|Any CPU.Deploy.0 = Debug|x86
		{55D4B39A-C42F-4D97-A54B-F538DC45E9A1}.Debug|ARM.ActiveCfg = Debug|ARM
		{55D4B39A-C42F-4D97-A54B-F538DC45E9A1}.Debug|ARM.Build.0 = Debug|ARM
		{55D4B39A-C42F-4D97-A54B-F538DC45E9A1}.Debug|ARM.Deploy.0 = Debug|ARM
		{55D4B39A-C42F-4D97-A54B-F538DC45E9A1}.Debug|iPhone.ActiveCfg = Debug|x86
		{55D4B39A-C42F-4D97-A54B-F538DC45E9A1}.Debug|iPhone.Build.0 = Debug|x86
		{55D4B39A-C42F-4D97-A54B-F538DC45E9A1}.Debug|iPhone.Deploy.0 = Debug|x86
		{55D4B39A-C42F-4D97-A54B-F538DC45E9A1}.Debug|iPhoneSimulator.ActiveCfg = Debug|x86
		{55D4B39A-C42F-4D97-A54B-F538DC45E9A1}.Debug|iPhoneSimulator.Build.0 = Debug|x86
		{55D4B39A-C42F-4D97-A54B-F538DC45E9A1}.Debug|iPhoneSimulator.Deploy.0 = Debug|x86
		{55D4B39A-C42F-4D97-A54B-F538DC45E9A1}.Debug|x64.ActiveCfg = Debug|x64
		{55D4B39A-C42F-4D97-A54B-F538DC45E9A1}.Debug|x64.Build.0 = Debug|x64
		{55D4B39A-C42F-4D97-A54B-F538DC45E9A1}.Debug|x64.Deploy.0 = Debug|x64
		{55D4B39A-C42F-4D97-A54B-F538DC45E9A1}.Debug|x86.ActiveCfg = Debug|x86
		{55D4B39A-C42F-4D97-A54B-F538DC45E9A1}.Debug|x86.Build.0 = Debug|x86
		{55D4B39A-C42F-4D97-A54B-F538DC45E9A1}.Debug|x86.Deploy.0 = Debug|x86
		{55D4B39A-C42F-4D97-A54B-F538DC45E9A1}.Release|Any CPU.ActiveCfg = Release|x86
		{55D4B39A-C42F-4D97-A54B-F538DC45E9A1}.Release|ARM.ActiveCfg = Release|ARM
		{55D4B39A-C42F-4D97-A54B-F538DC45E9A1}.Release|ARM.Build.0 = Release|ARM
		{55D4B39A-C42F-4D97-A54B-F538DC45E9A1}.Release|ARM.Deploy.0 = Release|ARM
		{55D4B39A-C42F-4D97-A54B-F538DC45E9A1}.Release|iPhone.ActiveCfg = Release|x86
		{55D4B39A-C42F-4D97-A54B-F538DC45E9A1}.Release|iPhoneSimulator.ActiveCfg = Release|x86
		{55D4B39A-C42F-4D97-A54B-F538DC45E9A1}.Release|x64.ActiveCfg = Release|x64
		{55D4B39A-C42F-4D97-A54B-F538DC45E9A1}.Release|x64.Build.0 = Release|x64
		{55D4B39A-C42F-4D97-A54B-F538DC45E9A1}.Release|x64.Deploy.0 = Release|x64
		{55D4B39A-C42F-4D97-A54B-F538DC45E9A1}.Release|x86.ActiveCfg = Release|x86
		{55D4B39A-C42F-4D97-A54B-F538DC45E9A1}.Release|x86.Build.0 = Release|x86
		{55D4B39A-C42F-4D97-A54B-F538DC45E9A1}.Release|x86.Deploy.0 = Release|x86
	EndGlobalSection
	GlobalSection(SolutionProperties) = preSolution
		HideSolutionNode = FALSE
	EndGlobalSection
EndGlobal
